
Microsoft Visual Studio Solution File, Format Version 12.00
# Visual Studio Version 17
VisualStudioVersion = 17.8.34525.116
MinimumVisualStudioVersion = 10.0.40219.1
Project("{FAE04EC0-301F-11D3-BF4B-00C04F79EFBC}") = "RestfulApi", "RestfulApi\RestfulApi.csproj", "{FC8194E2-0018-4CA8-84CA-EBA65D14484A}"
EndProject
Global
	GlobalSection(SolutionConfigurationPlatforms) = preSolution
		Debug|Any CPU = Debug|Any CPU
		Release|Any CPU = Release|Any CPU
	EndGlobalSection
	GlobalSection(ProjectConfigurationPlatforms) = postSolution
		{FC8194E2-0018-4CA8-84CA-EBA65D14484A}.Debug|Any CPU.ActiveCfg = Debug|Any CPU
		{FC8194E2-0018-4CA8-84CA-EBA65D14484A}.Debug|Any CPU.Build.0 = Debug|Any CPU
		{FC8194E2-0018-4CA8-84CA-EBA65D14484A}.Release|Any CPU.ActiveCfg = Release|Any CPU
		{FC8194E2-0018-4CA8-84CA-EBA65D14484A}.Release|Any CPU.Build.0 = Release|Any CPU
	EndGlobalSection
	GlobalSection(SolutionProperties) = preSolution
		HideSolutionNode = FALSE
	EndGlobalSection
	GlobalSection(ExtensibilityGlobals) = postSolution
		SolutionGuid = {10D13429-66C2-4B11-9B29-0AEF5E320315}
	EndGlobalSection
EndGlobal
